# THIS IS AN AUTOGENERATED FILE. DO NOT EDIT THIS FILE DIRECTLY.
# yarn lockfile v1


"@kwsites/file-exists@^1.1.1":
  version "1.1.1"
  resolved "https://registry.yarnpkg.com/@kwsites/file-exists/-/file-exists-1.1.1.tgz#ad1efcac13e1987d8dbaf235ef3be5b0d96faa99"
  integrity sha512-m9/5YGR18lIwxSFDwfE3oA7bWuq9kdau6ugN4H2rJeyhFQZcG9AgSHkQtSD15a8WvTgfz9aikZMrKPHvbpqFiw==
  dependencies:
    debug "^4.1.1"

"@kwsites/promise-deferred@^1.1.1":
  version "1.1.1"
  resolved "https://registry.yarnpkg.com/@kwsites/promise-deferred/-/promise-deferred-1.1.1.tgz#8ace5259254426ccef57f3175bc64ed7095ed919"
  integrity sha512-GaHYm+c0O9MjZRu0ongGBRbinu8gVAMd2UZjji6jVmqKtZluZnptXGWhz1E8j8D2HJ3f/yMxKAUC0b+57wncIw==

ascii-tree@^0.3.0:
  version "0.3.0"
  resolved "https://registry.yarnpkg.com/ascii-tree/-/ascii-tree-0.3.0.tgz#a2fe469607c0a8541bd71c93e9b57f80dad546dc"
  integrity sha512-eC3TvbRQLw+SY0HCVKPXv56JlZ6EeqLOIHT5oHGd0j98ngLDCjTEYbyHYHxrJcb4OwhqhiEo0zYr/FQpj1+Rpw==
  dependencies:
    freetree "0.2.2"

binaryextensions@^6.11.0:
  version "6.11.0"
  resolved "https://registry.yarnpkg.com/binaryextensions/-/binaryextensions-6.11.0.tgz#c36b3e6b5c59e621605709b099cda8dda824cc72"
  integrity sha512-sXnYK/Ij80TO3lcqZVV2YgfKN5QjUWIRk/XSm2J/4bd/lPko3lvk0O4ZppH6m+6hB2/GTu+ptNwVFe1xh+QLQw==
  dependencies:
    editions "^6.21.0"

commander@^12.1.0:
  version "12.1.0"
  resolved "https://registry.yarnpkg.com/commander/-/commander-12.1.0.tgz#01423b36f501259fdaac4d0e4d60c96c991585d3"
  integrity sha512-Vw8qHK3bZM9y/P10u3Vib8o/DdkvA2OtPtZvD871QKjy74Wj1WSKFILMPRPSdUSx5RFK1arlJzEtA4PkFgnbuA==

debug@^4.1.1, debug@^4.3.5:
  version "4.3.7"
  resolved "https://registry.yarnpkg.com/debug/-/debug-4.3.7.tgz#87945b4151a011d76d95a198d7111c865c360a52"
  integrity sha512-Er2nc/H7RrMXZBFCEim6TCmMk02Z8vLC2Rbi1KEBggpo0fS6l0S1nnapwmIi3yW/+GOJap1Krg4w0Hg80oCqgQ==
  dependencies:
    ms "^2.1.3"

editions@^6.21.0:
  version "6.21.0"
  resolved "https://registry.yarnpkg.com/editions/-/editions-6.21.0.tgz#8da2d85611106e0891a72619b7bee8e0c830089b"
  integrity sha512-ofkXJtn7z0urokN62DI3SBo/5xAtF0rR7tn+S/bSYV79Ka8pTajIIl+fFQ1q88DQEImymmo97M4azY3WX/nUdg==
  dependencies:
    version-range "^4.13.0"

freetree@0.2.2:
  version "0.2.2"
  resolved "https://registry.yarnpkg.com/freetree/-/freetree-0.2.2.tgz#0e2008598b52d07cc9636df7f49f5250c4f92fd0"
  integrity sha512-bZ0U0Qv2THYrnkrD7B4UMAhWnDm3+va6y2mNfReke9HY7PRdvLgEf5Vl1j70P5KffoioFvV0RFRfIBQMWOLpIw==

gpt-3-encoder@^1.1.4:
  version "1.1.4"
  resolved "https://registry.yarnpkg.com/gpt-3-encoder/-/gpt-3-encoder-1.1.4.tgz#d6cdaacf5824857e133b6065247c757fc7e4fa72"
  integrity sha512-fSQRePV+HUAhCn7+7HL7lNIXNm6eaFWFbNLOOGtmSJ0qJycyQvj60OvRlH7mee8xAMjBDNRdMXlMwjAbMTDjkg==

istextorbinary@^9.5.0:
  version "9.5.0"
  resolved "https://registry.yarnpkg.com/istextorbinary/-/istextorbinary-9.5.0.tgz#e6e13febf1c1685100ae264809a4f8f46e01dfd3"
  integrity sha512-5mbUj3SiZXCuRf9fT3ibzbSSEWiy63gFfksmGfdOzujPjW3k+z8WvIBxcJHBoQNlaZaiyB25deviif2+osLmLw==
  dependencies:
    binaryextensions "^6.11.0"
    editions "^6.21.0"
    textextensions "^6.11.0"

ms@^2.1.3:
  version "2.1.3"
  resolved "https://registry.yarnpkg.com/ms/-/ms-2.1.3.tgz#574c8138ce1d2b5861f0b44579dbadd60c6615b2"
  integrity sha512-6FlzubTLZG3J2a/NVCAleEhjzq5oxgHyaCU9yYXvcLsvoVaHJq/s5xXI6/XXP6tz7R9xAOtHnSO/tXtF3WRTlA==

simple-git@^3.26.0:
  version "3.26.0"
  resolved "https://registry.yarnpkg.com/simple-git/-/simple-git-3.26.0.tgz#9ee91de402206911dcb752c65db83f5177e18121"
  integrity sha512-5tbkCSzuskR6uA7uA23yjasmA0RzugVo8QM2bpsnxkrgP13eisFT7TMS4a+xKEJvbmr4qf+l0WT3eKa9IxxUyw==
  dependencies:
    "@kwsites/file-exists" "^1.1.1"
    "@kwsites/promise-deferred" "^1.1.1"
    debug "^4.3.5"

textextensions@^6.11.0:
  version "6.11.0"
  resolved "https://registry.yarnpkg.com/textextensions/-/textextensions-6.11.0.tgz#864535d09f49026150c96f0b0d79f1fa0869db15"
  integrity sha512-tXJwSr9355kFJI3lbCkPpUH5cP8/M0GGy2xLO34aZCjMXBaK3SoPnZwr/oWmo1FdCnELcs4npdCIOFtq9W3ruQ==
  dependencies:
    editions "^6.21.0"

version-range@^4.13.0:
  version "4.14.0"
  resolved "https://registry.yarnpkg.com/version-range/-/version-range-4.14.0.tgz#91c12e4665756a9101d1af43faeda399abe0edec"
  integrity sha512-gjb0ARm9qlcBAonU4zPwkl9ecKkas+tC2CGwFfptTCWWIVTWY1YUbT2zZKsOAF1jR/tNxxyLwwG0cb42XlYcTg==
